{
  "requires": true,
  "lockfileVersion": 1,
  "dependencies": {
    "vue-msgbox": {
      "version": "0.2.14",
      "resolved": "https://registry.npmjs.org/vue-msgbox/-/vue-msgbox-0.2.14.tgz",
      "integrity": "sha1-2vAn+vLuynmN4ySOha6ALIfDhUA=",
      "requires": {
        "vue-popup": "^0.1.13"
      }
    },
    "vue-popup": {
      "version": "0.1.13",
      "resolved": "https://registry.npmjs.org/vue-popup/-/vue-popup-0.1.13.tgz",
      "integrity": "sha1-/AMlHsF3UbUgx5xBrUxp+IiYM9s="
    }
  }
}
